
Microsoft Visual Studio Solution File, Format Version 12.00
# Visual Studio Version 17
VisualStudioVersion = 17.3.32901.215
MinimumVisualStudioVersion = 10.0.40219.1
Project("{FAE04EC0-301F-11D3-BF4B-00C04F79EFBC}") = "WebApplication2", "WebApplication2\WebApplication2.csproj", "{715FF270-664C-4C0D-A310-5348755E491D}"
EndProject
Global
	GlobalSection(SolutionConfigurationPlatforms) = preSolution
		Debug|Any CPU = Debug|Any CPU
		Release|Any CPU = Release|Any CPU
	EndGlobalSection
	GlobalSection(ProjectConfigurationPlatforms) = postSolution
		{715FF270-664C-4C0D-A310-5348755E491D}.Debug|Any CPU.ActiveCfg = Debug|Any CPU
		{715FF270-664C-4C0D-A310-5348755E491D}.Debug|Any CPU.Build.0 = Debug|Any CPU
		{715FF270-664C-4C0D-A310-5348755E491D}.Release|Any CPU.ActiveCfg = Release|Any CPU
		{715FF270-664C-4C0D-A310-5348755E491D}.Release|Any CPU.Build.0 = Release|Any CPU
	EndGlobalSection
	GlobalSection(SolutionProperties) = preSolution
		HideSolutionNode = FALSE
	EndGlobalSection
	GlobalSection(ExtensibilityGlobals) = postSolution
		SolutionGuid = {56213F8B-79DD-448E-8C08-FE1B76BB9FA4}
	EndGlobalSection
EndGlobal
